
Microsoft Visual Studio Solution File, Format Version 12.00
# Visual Studio Version 17
VisualStudioVersion = 17.11.35327.3
MinimumVisualStudioVersion = 10.0.40219.1
Project("{FAE04EC0-301F-11D3-BF4B-00C04F79EFBC}") = "BlitzPatch", "BlitzPatch\BlitzPatch.csproj", "{5A3BF529-4AEB-4F60-980D-C769AA778B97}"
EndProject
Global
	GlobalSection(SolutionConfigurationPlatforms) = preSolution
		Debug|Any CPU = Debug|Any CPU
		Release|Any CPU = Release|Any CPU
	EndGlobalSection
	GlobalSection(ProjectConfigurationPlatforms) = postSolution
		{5A3BF529-4AEB-4F60-980D-C769AA778B97}.Debug|Any CPU.ActiveCfg = Debug|Any CPU
		{5A3BF529-4AEB-4F60-980D-C769AA778B97}.Debug|Any CPU.Build.0 = Debug|Any CPU
		{5A3BF529-4AEB-4F60-980D-C769AA778B97}.Release|Any CPU.ActiveCfg = Release|Any CPU
		{5A3BF529-4AEB-4F60-980D-C769AA778B97}.Release|Any CPU.Build.0 = Release|Any CPU
	EndGlobalSection
	GlobalSection(SolutionProperties) = preSolution
		HideSolutionNode = FALSE
	EndGlobalSection
	GlobalSection(ExtensibilityGlobals) = postSolution
		SolutionGuid = {5E619D7E-AFB5-41F5-B52E-F7E609577525}
	EndGlobalSection
EndGlobal
